
Microsoft Visual Studio Solution File, Format Version 12.00
# Visual Studio Version 17
VisualStudioVersion = 17.1.32328.378
MinimumVisualStudioVersion = 10.0.40219.1
Project("{FAE04EC0-301F-11D3-BF4B-00C04F79EFBC}") = "Notes", "Notes\Notes.csproj", "{2B648189-F847-46E7-972A-D0C4A81AF5F0}"
EndProject
Project("{FAE04EC0-301F-11D3-BF4B-00C04F79EFBC}") = "Model", "Model\Model.csproj", "{2F674AB6-421C-4B48-8BC3-8C002EF224EF}"
EndProject
Project("{FAE04EC0-301F-11D3-BF4B-00C04F79EFBC}") = "Repository", "Repository\Repository.csproj", "{EA750A38-3D38-4838-A9A3-42CB7F9BE378}"
EndProject
Project("{FAE04EC0-301F-11D3-BF4B-00C04F79EFBC}") = "SqliteRepository", "SqliteRepository\SqliteRepository.csproj", "{21F6B5D2-4ACA-4C49-8AD8-411D9EA65BB1}"
EndProject
Global
	GlobalSection(SolutionConfigurationPlatforms) = preSolution
		Debug|Any CPU = Debug|Any CPU
		Release|Any CPU = Release|Any CPU
	EndGlobalSection
	GlobalSection(ProjectConfigurationPlatforms) = postSolution
		{2B648189-F847-46E7-972A-D0C4A81AF5F0}.Debug|Any CPU.ActiveCfg = Debug|Any CPU
		{2B648189-F847-46E7-972A-D0C4A81AF5F0}.Debug|Any CPU.Build.0 = Debug|Any CPU
		{2B648189-F847-46E7-972A-D0C4A81AF5F0}.Release|Any CPU.ActiveCfg = Release|Any CPU
		{2B648189-F847-46E7-972A-D0C4A81AF5F0}.Release|Any CPU.Build.0 = Release|Any CPU
		{2F674AB6-421C-4B48-8BC3-8C002EF224EF}.Debug|Any CPU.ActiveCfg = Debug|Any CPU
		{2F674AB6-421C-4B48-8BC3-8C002EF224EF}.Debug|Any CPU.Build.0 = Debug|Any CPU
		{2F674AB6-421C-4B48-8BC3-8C002EF224EF}.Release|Any CPU.ActiveCfg = Release|Any CPU
		{2F674AB6-421C-4B48-8BC3-8C002EF224EF}.Release|Any CPU.Build.0 = Release|Any CPU
		{EA750A38-3D38-4838-A9A3-42CB7F9BE378}.Debug|Any CPU.ActiveCfg = Debug|Any CPU
		{EA750A38-3D38-4838-A9A3-42CB7F9BE378}.Debug|Any CPU.Build.0 = Debug|Any CPU
		{EA750A38-3D38-4838-A9A3-42CB7F9BE378}.Release|Any CPU.ActiveCfg = Release|Any CPU
		{EA750A38-3D38-4838-A9A3-42CB7F9BE378}.Release|Any CPU.Build.0 = Release|Any CPU
		{21F6B5D2-4ACA-4C49-8AD8-411D9EA65BB1}.Debug|Any CPU.ActiveCfg = Debug|Any CPU
		{21F6B5D2-4ACA-4C49-8AD8-411D9EA65BB1}.Debug|Any CPU.Build.0 = Debug|Any CPU
		{21F6B5D2-4ACA-4C49-8AD8-411D9EA65BB1}.Release|Any CPU.ActiveCfg = Release|Any CPU
		{21F6B5D2-4ACA-4C49-8AD8-411D9EA65BB1}.Release|Any CPU.Build.0 = Release|Any CPU
	EndGlobalSection
	GlobalSection(SolutionProperties) = preSolution
		HideSolutionNode = FALSE
	EndGlobalSection
	GlobalSection(ExtensibilityGlobals) = postSolution
		SolutionGuid = {8CCAD264-7868-4BA7-A0AE-4ABC1F0B8DDB}
	EndGlobalSection
EndGlobal
